dependencies:
- name: helm-chart
  repository: oci://ghcr.io/nvidia/openshell
  version: 0.0.75
- name: iraop-stack
  repository: oci://nvcr.io/0948643769302270/afoa-release
  version: 0.1.0-f804535b
digest: sha256:1b8c8372aa8aa5f87fa1d77a25436476afa77a1338cb14315f3a083124e91f37
generated: "2026-10-07T10:03:17.471435359-07:00"
