dependencies:
- name: helm-chart
  repository: oci://ghcr.io/nvidia/openshell
  version: 0.0.75
- name: iraop-stack
  repository: oci://nvcr.io/0948643769302270
  version: 0.1.0-5f7f2de0
digest: sha256:364f82fcf02f375a6f2d370c3b1de5e9b9f1de53a96c93d2e1c044362def3b33
generated: "2026-08-04T19:07:32.812287-07:00"
